PODS:
  - Appirater (2.0.2)
  - Google-Mobile-Ads-SDK (6.9.3)
  - GoogleAnalytics-iOS-SDK (3.0.6)
  - GVGoogleBannerView (1.3.0):
    - Google-Mobile-Ads-SDK
  - GVUserDefaults (0.9.4)
  - ISGameCenter (0.5.1)
  - ISSpriteKit (0.3.0)
  - RemoteConfig (1.5.0):
    - XMLReader
  - XMLReader (0.0.2)

DEPENDENCIES:
  - Appirater
  - GoogleAnalytics-iOS-SDK
  - GVGoogleBannerView
  - GVUserDefaults
  - ISGameCenter
  - ISSpriteKit
  - RemoteConfig

SPEC CHECKSUMS:
  Appirater: a5e00fb01d47a9a6acf4b2f22323b4ccf4f23fbb
  Google-Mobile-Ads-SDK: df99642add83fe053f237c193742c1103e47fdf8
  GoogleAnalytics-iOS-SDK: 4577fb25381a71c5beac455b18ebb288fc4f44e9
  GVGoogleBannerView: 56e27cb7b174e07b2aeb72968a450bc9cacab20b
  GVUserDefaults: b706c0a6ed681ea4693143d920dd5bf49845c3a3
  ISGameCenter: 684d3b740469ffcfab26a81dc4fd68d17ebbb272
  ISSpriteKit: 4dda58e1f16eae3374ca73fb2e9fc635ad46c89f
  RemoteConfig: 0b06830623b740129b79fe3e97167a78169917c4
  XMLReader: 2264fd2f8167343285a9943929c3b7e4b74626c0

COCOAPODS: 0.33.1
