// !$*UTF8*$!
{
	archiveVersion = 1;
	classes = {
	};
	objectVersion = 46;
	objects = {

/* Begin PBXBuildFile section */
		2D524A2A0D7F446F915CAEAB /* libPods.a in Frameworks */ = {isa = PBXBuildFile; fileRef = A12870ECECE749159D501107 /* libPods.a */; };
		A0A87FD918F334BC00B01143 /* Foundation.framework in Frameworks */ = {isa = PBXBuildFile; fileRef = A0A87FD818F334BC00B01143 /* Foundation.framework */; };
		A0A87FDB18F334BC00B01143 /* CoreGraphics.framework in Frameworks */ = {isa = PBXBuildFile; fileRef = A0A87FDA18F334BC00B01143 /* CoreGraphics.framework */; };
		A0A87FDD18F334BC00B01143 /* UIKit.framework in Frameworks */ = {isa = PBXBuildFile; fileRef = A0A87FDC18F334BC00B01143 /* UIKit.framework */; };
		A0A87FDF18F334BC00B01143 /* SpriteKit.framework in Frameworks */ = {isa = PBXBuildFile; fileRef = A0A87FDE18F334BC00B01143 /* SpriteKit.framework */; };
		A0A8801A18F3364100B01143 /* InfoPlist.strings in Resources */ = {isa = PBXBuildFile; fileRef = A0A8801718F3364100B01143 /* InfoPlist.strings */; };
		A0A8801B18F3364100B01143 /* main.m in Sources */ = {isa = PBXBuildFile; fileRef = A0A8801818F3364100B01143 /* main.m */; };
		A0A8806818F3376E00B01143 /* AppDelegate.m in Sources */ = {isa = PBXBuildFile; fileRef = A0A8801F18F3376E00B01143 /* AppDelegate.m */; };
		A0A8806918F3376E00B01143 /* GVUserDefaults+Properties.m in Sources */ = {isa = PBXBuildFile; fileRef = A0A8802218F3376E00B01143 /* GVUserDefaults+Properties.m */; };
		A0A8806B18F3376E00B01143 /* AchievementsHelper.m in Sources */ = {isa = PBXBuildFile; fileRef = A0A8802718F3376E00B01143 /* AchievementsHelper.m */; };
		A0A8806C18F3376E00B01143 /* ButterflyMultiplayerNetworking.m in Sources */ = {isa = PBXBuildFile; fileRef = A0A8802918F3376E00B01143 /* ButterflyMultiplayerNetworking.m */; };
		A0A8806D18F3376E00B01143 /* BaseScene.m in Sources */ = {isa = PBXBuildFile; fileRef = A0A8802C18F3376E00B01143 /* BaseScene.m */; };
		A0A8806E18F3376E00B01143 /* GameScene.m in Sources */ = {isa = PBXBuildFile; fileRef = A0A8802E18F3376E00B01143 /* GameScene.m */; };
		A0A8806F18F3376E00B01143 /* MultiplayerScene.m in Sources */ = {isa = PBXBuildFile; fileRef = A0A8803018F3376E00B01143 /* MultiplayerScene.m */; };
		A0A8807018F3376E00B01143 /* AnimatingSprite.m in Sources */ = {isa = PBXBuildFile; fileRef = A0A8803318F3376E00B01143 /* AnimatingSprite.m */; };
		A0A8807118F3376E00B01143 /* Butterfly.m in Sources */ = {isa = PBXBuildFile; fileRef = A0A8803518F3376E00B01143 /* Butterfly.m */; };
		A0A8807218F3376E00B01143 /* Crow.m in Sources */ = {isa = PBXBuildFile; fileRef = A0A8803718F3376E00B01143 /* Crow.m */; };
		A0A8807818F3376E00B01143 /* Config.m in Sources */ = {isa = PBXBuildFile; fileRef = A0A8804618F3376E00B01143 /* Config.m */; };
		A0A8807918F3376E00B01143 /* Constants.m in Sources */ = {isa = PBXBuildFile; fileRef = A0A8804818F3376E00B01143 /* Constants.m */; };
		A0A8807B18F3376E00B01143 /* Utilities.m in Sources */ = {isa = PBXBuildFile; fileRef = A0A8804C18F3376E00B01143 /* Utilities.m */; };
		A0A8807C18F3376E00B01143 /* BaseViewController.m in Sources */ = {isa = PBXBuildFile; fileRef = A0A8804F18F3376E00B01143 /* BaseViewController.m */; };
		A0A8807D18F3376E00B01143 /* GameViewController.m in Sources */ = {isa = PBXBuildFile; fileRef = A0A8805118F3376E00B01143 /* GameViewController.m */; };
		A0A8807E18F3376E00B01143 /* MenuViewController.m in Sources */ = {isa = PBXBuildFile; fileRef = A0A8805318F3376E00B01143 /* MenuViewController.m */; };
		A0A8808218F3376E00B01143 /* CrowSmash.sks in Resources */ = {isa = PBXBuildFile; fileRef = A0A8805A18F3376E00B01143 /* CrowSmash.sks */; };
		A0A8808318F3376E00B01143 /* Feather.png in Resources */ = {isa = PBXBuildFile; fileRef = A0A8805B18F3376E00B01143 /* Feather.png */; };
		A0A8808418F3376E00B01143 /* ButterflyTrail.sks in Resources */ = {isa = PBXBuildFile; fileRef = A0A8805C18F3376E00B01143 /* ButterflyTrail.sks */; };
		A0A8808518F3376E00B01143 /* Star.png in Resources */ = {isa = PBXBuildFile; fileRef = A0A8805D18F3376E00B01143 /* Star.png */; };
		A0A8808618F3376E00B01143 /* button_press.wav in Resources */ = {isa = PBXBuildFile; fileRef = A0A8805F18F3376E00B01143 /* button_press.wav */; };
		A0A8808718F3376E00B01143 /* crow.m4a in Resources */ = {isa = PBXBuildFile; fileRef = A0A8806018F3376E00B01143 /* crow.m4a */; };
		A0A8808818F3376E00B01143 /* flap.aif in Resources */ = {isa = PBXBuildFile; fileRef = A0A8806118F3376E00B01143 /* flap.aif */; };
		A0A8808918F3376E00B01143 /* sprites.atlas in Resources */ = {isa = PBXBuildFile; fileRef = A0A8806218F3376E00B01143 /* sprites.atlas */; };
		A0A8808B18F3376E00B01143 /* Images.xcassets in Resources */ = {isa = PBXBuildFile; fileRef = A0A8806518F3376E00B01143 /* Images.xcassets */; };
		A0A8808C18F3376E00B01143 /* Main.storyboard in Resources */ = {isa = PBXBuildFile; fileRef = A0A8806718F3376E00B01143 /* Main.storyboard */; };
		A0A8808F18F33A3300B01143 /* Crashlytics.framework in Frameworks */ = {isa = PBXBuildFile; fileRef = A0A8808E18F33A3300B01143 /* Crashlytics.framework */; };
		A0BE8CC018F368B300E71E47 /* PWPerspective.ttf in Resources */ = {isa = PBXBuildFile; fileRef = A0BE8CBF18F368B300E71E47 /* PWPerspective.ttf */; };
/* End PBXBuildFile section */

/* Begin PBXFileReference section */
		81848A9899E843F29916FF4A /* Pods.xcconfig */ = {isa = PBXFileReference; includeInIndex = 1; lastKnownFileType = text.xcconfig; name = Pods.xcconfig; path = Pods/Pods.xcconfig; sourceTree = "<group>"; };
		A0A87FD518F334BC00B01143 /* fly-butterfly.app */ = {isa = PBXFileReference; explicitFileType = wrapper.application; includeInIndex = 0; path = "fly-butterfly.app"; sourceTree = BUILT_PRODUCTS_DIR; };
		A0A87FD818F334BC00B01143 /* Foundation.framework */ = {isa = PBXFileReference; lastKnownFileType = wrapper.framework; name = Foundation.framework; path = System/Library/Frameworks/Foundation.framework; sourceTree = SDKROOT; };
		A0A87FDA18F334BC00B01143 /* CoreGraphics.framework */ = {isa = PBXFileReference; lastKnownFileType = wrapper.framework; name = CoreGraphics.framework; path = System/Library/Frameworks/CoreGraphics.framework; sourceTree = SDKROOT; };
		A0A87FDC18F334BC00B01143 /* UIKit.framework */ = {isa = PBXFileReference; lastKnownFileType = wrapper.framework; name = UIKit.framework; path = System/Library/Frameworks/UIKit.framework; sourceTree = SDKROOT; };
		A0A87FDE18F334BC00B01143 /* SpriteKit.framework */ = {isa = PBXFileReference; lastKnownFileType = wrapper.framework; name = SpriteKit.framework; path = System/Library/Frameworks/SpriteKit.framework; sourceTree = SDKROOT; };
		A0A87FFE18F334BC00B01143 /* XCTest.framework */ = {isa = PBXFileReference; lastKnownFileType = wrapper.framework; name = XCTest.framework; path = Library/Frameworks/XCTest.framework; sourceTree = DEVELOPER_DIR; };
		A0A8801518F3364100B01143 /* fly-butterfly-Info.plist */ = {isa = PBXFileReference; fileEncoding = 4; lastKnownFileType = text.plist.xml; path = "fly-butterfly-Info.plist"; sourceTree = "<group>"; };
		A0A8801618F3364100B01143 /* fly-butterfly-Prefix.pch */ = {isa = PBXFileReference; fileEncoding = 4; lastKnownFileType = sourcecode.c.h; path = "fly-butterfly-Prefix.pch"; sourceTree = "<group>"; };
		A0A8801718F3364100B01143 /* InfoPlist.strings */ = {isa = PBXFileReference; fileEncoding = 4; lastKnownFileType = text.plist.strings; path = InfoPlist.strings; sourceTree = "<group>"; };
		A0A8801818F3364100B01143 /* main.m */ = {isa = PBXFileReference; fileEncoding = 4; lastKnownFileType = sourcecode.c.objc; path = main.m; sourceTree = "<group>"; };
		A0A8801E18F3376E00B01143 /* AppDelegate.h */ = {isa = PBXFileReference; fileEncoding = 4; lastKnownFileType = sourcecode.c.h; path = AppDelegate.h; sourceTree = "<group>"; };
		A0A8801F18F3376E00B01143 /* AppDelegate.m */ = {isa = PBXFileReference; fileEncoding = 4; lastKnownFileType = sourcecode.c.objc; path = AppDelegate.m; sourceTree = "<group>"; };
		A0A8802118F3376E00B01143 /* GVUserDefaults+Properties.h */ = {isa = PBXFileReference; fileEncoding = 4; lastKnownFileType = sourcecode.c.h; path = "GVUserDefaults+Properties.h"; sourceTree = "<group>"; };
		A0A8802218F3376E00B01143 /* GVUserDefaults+Properties.m */ = {isa = PBXFileReference; fileEncoding = 4; lastKnownFileType = sourcecode.c.objc; path = "GVUserDefaults+Properties.m"; sourceTree = "<group>"; };
		A0A8802618F3376E00B01143 /* AchievementsHelper.h */ = {isa = PBXFileReference; fileEncoding = 4; lastKnownFileType = sourcecode.c.h; path = AchievementsHelper.h; sourceTree = "<group>"; };
		A0A8802718F3376E00B01143 /* AchievementsHelper.m */ = {isa = PBXFileReference; fileEncoding = 4; lastKnownFileType = sourcecode.c.objc; path = AchievementsHelper.m; sourceTree = "<group>"; };
		A0A8802818F3376E00B01143 /* ButterflyMultiplayerNetworking.h */ = {isa = PBXFileReference; fileEncoding = 4; lastKnownFileType = sourcecode.c.h; path = ButterflyMultiplayerNetworking.h; sourceTree = "<group>"; };
		A0A8802918F3376E00B01143 /* ButterflyMultiplayerNetworking.m */ = {isa = PBXFileReference; fileEncoding = 4; lastKnownFileType = sourcecode.c.objc; path = ButterflyMultiplayerNetworking.m; sourceTree = "<group>"; };
		A0A8802B18F3376E00B01143 /* BaseScene.h */ = {isa = PBXFileReference; fileEncoding = 4; lastKnownFileType = sourcecode.c.h; path = BaseScene.h; sourceTree = "<group>"; };
		A0A8802C18F3376E00B01143 /* BaseScene.m */ = {isa = PBXFileReference; fileEncoding = 4; lastKnownFileType = sourcecode.c.objc; path = BaseScene.m; sourceTree = "<group>"; };
		A0A8802D18F3376E00B01143 /* GameScene.h */ = {isa = PBXFileReference; fileEncoding = 4; lastKnownFileType = sourcecode.c.h; path = GameScene.h; sourceTree = "<group>"; };
		A0A8802E18F3376E00B01143 /* GameScene.m */ = {isa = PBXFileReference; fileEncoding = 4; lastKnownFileType = sourcecode.c.objc; path = GameScene.m; sourceTree = "<group>"; };
		A0A8802F18F3376E00B01143 /* MultiplayerScene.h */ = {isa = PBXFileReference; fileEncoding = 4; lastKnownFileType = sourcecode.c.h; path = MultiplayerScene.h; sourceTree = "<group>"; };
		A0A8803018F3376E00B01143 /* MultiplayerScene.m */ = {isa = PBXFileReference; fileEncoding = 4; lastKnownFileType = sourcecode.c.objc; path = MultiplayerScene.m; sourceTree = "<group>"; };
		A0A8803218F3376E00B01143 /* AnimatingSprite.h */ = {isa = PBXFileReference; fileEncoding = 4; lastKnownFileType = sourcecode.c.h; path = AnimatingSprite.h; sourceTree = "<group>"; };
		A0A8803318F3376E00B01143 /* AnimatingSprite.m */ = {isa = PBXFileReference; fileEncoding = 4; lastKnownFileType = sourcecode.c.objc; path = AnimatingSprite.m; sourceTree = "<group>"; };
		A0A8803418F3376E00B01143 /* Butterfly.h */ = {isa = PBXFileReference; fileEncoding = 4; lastKnownFileType = sourcecode.c.h; path = Butterfly.h; sourceTree = "<group>"; };
		A0A8803518F3376E00B01143 /* Butterfly.m */ = {isa = PBXFileReference; fileEncoding = 4; lastKnownFileType = sourcecode.c.objc; path = Butterfly.m; sourceTree = "<group>"; };
		A0A8803618F3376E00B01143 /* Crow.h */ = {isa = PBXFileReference; fileEncoding = 4; lastKnownFileType = sourcecode.c.h; path = Crow.h; sourceTree = "<group>"; };
		A0A8803718F3376E00B01143 /* Crow.m */ = {isa = PBXFileReference; fileEncoding = 4; lastKnownFileType = sourcecode.c.objc; path = Crow.m; sourceTree = "<group>"; };
		A0A8804518F3376E00B01143 /* Config.h */ = {isa = PBXFileReference; fileEncoding = 4; lastKnownFileType = sourcecode.c.h; path = Config.h; sourceTree = "<group>"; };
		A0A8804618F3376E00B01143 /* Config.m */ = {isa = PBXFileReference; fileEncoding = 4; lastKnownFileType = sourcecode.c.objc; path = Config.m; sourceTree = "<group>"; };
		A0A8804718F3376E00B01143 /* Constants.h */ = {isa = PBXFileReference; fileEncoding = 4; lastKnownFileType = sourcecode.c.h; path = Constants.h; sourceTree = "<group>"; };
		A0A8804818F3376E00B01143 /* Constants.m */ = {isa = PBXFileReference; fileEncoding = 4; lastKnownFileType = sourcecode.c.objc; path = Constants.m; sourceTree = "<group>"; };
		A0A8804B18F3376E00B01143 /* Utilities.h */ = {isa = PBXFileReference; fileEncoding = 4; lastKnownFileType = sourcecode.c.h; path = Utilities.h; sourceTree = "<group>"; };
		A0A8804C18F3376E00B01143 /* Utilities.m */ = {isa = PBXFileReference; fileEncoding = 4; lastKnownFileType = sourcecode.c.objc; path = Utilities.m; sourceTree = "<group>"; };
		A0A8804E18F3376E00B01143 /* BaseViewController.h */ = {isa = PBXFileReference; fileEncoding = 4; lastKnownFileType = sourcecode.c.h; path = BaseViewController.h; sourceTree = "<group>"; };
		A0A8804F18F3376E00B01143 /* BaseViewController.m */ = {isa = PBXFileReference; fileEncoding = 4; lastKnownFileType = sourcecode.c.objc; path = BaseViewController.m; sourceTree = "<group>"; };
		A0A8805018F3376E00B01143 /* GameViewController.h */ = {isa = PBXFileReference; fileEncoding = 4; lastKnownFileType = sourcecode.c.h; path = GameViewController.h; sourceTree = "<group>"; };
		A0A8805118F3376E00B01143 /* GameViewController.m */ = {isa = PBXFileReference; fileEncoding = 4; lastKnownFileType = sourcecode.c.objc; path = GameViewController.m; sourceTree = "<group>"; };
		A0A8805218F3376E00B01143 /* MenuViewController.h */ = {isa = PBXFileReference; fileEncoding = 4; lastKnownFileType = sourcecode.c.h; path = MenuViewController.h; sourceTree = "<group>"; };
		A0A8805318F3376E00B01143 /* MenuViewController.m */ = {isa = PBXFileReference; fileEncoding = 4; lastKnownFileType = sourcecode.c.objc; path = MenuViewController.m; sourceTree = "<group>"; };
		A0A8805A18F3376E00B01143 /* CrowSmash.sks */ = {isa = PBXFileReference; lastKnownFileType = file.sks; path = CrowSmash.sks; sourceTree = "<group>"; };
		A0A8805B18F3376E00B01143 /* Feather.png */ = {isa = PBXFileReference; lastKnownFileType = image.png; path = Feather.png; sourceTree = "<group>"; };
		A0A8805C18F3376E00B01143 /* ButterflyTrail.sks */ = {isa = PBXFileReference; lastKnownFileType = file.sks; path = ButterflyTrail.sks; sourceTree = "<group>"; };
		A0A8805D18F3376E00B01143 /* Star.png */ = {isa = PBXFileReference; lastKnownFileType = image.png; path = Star.png; sourceTree = "<group>"; };
		A0A8805F18F3376E00B01143 /* button_press.wav */ = {isa = PBXFileReference; lastKnownFileType = audio.wav; path = button_press.wav; sourceTree = "<group>"; };
		A0A8806018F3376E00B01143 /* crow.m4a */ = {isa = PBXFileReference; lastKnownFileType = file; path = crow.m4a; sourceTree = "<group>"; };
		A0A8806118F3376E00B01143 /* flap.aif */ = {isa = PBXFileReference; lastKnownFileType = file; path = flap.aif; sourceTree = "<group>"; };
		A0A8806218F3376E00B01143 /* sprites.atlas */ = {isa = PBXFileReference; lastKnownFileType = folder.skatlas; path = sprites.atlas; sourceTree = "<group>"; };
		A0A8806518F3376E00B01143 /* Images.xcassets */ = {isa = PBXFileReference; lastKnownFileType = folder.assetcatalog; path = Images.xcassets; sourceTree = "<group>"; };
		A0A8806718F3376E00B01143 /* Main.storyboard */ = {isa = PBXFileReference; fileEncoding = 4; lastKnownFileType = file.storyboard; path = Main.storyboard; sourceTree = "<group>"; };
		A0A8808E18F33A3300B01143 /* Crashlytics.framework */ = {isa = PBXFileReference; lastKnownFileType = wrapper.framework; path = Crashlytics.framework; sourceTree = "<group>"; };
		A0BE8CBF18F368B300E71E47 /* PWPerspective.ttf */ = {isa = PBXFileReference; lastKnownFileType = file; path = PWPerspective.ttf; sourceTree = "<group>"; };
		A12870ECECE749159D501107 /* libPods.a */ = {isa = PBXFileReference; explicitFileType = archive.ar; includeInIndex = 0; path = libPods.a; sourceTree = BUILT_PRODUCTS_DIR; };
/* End PBXFileReference section */

/* Begin PBXFrameworksBuildPhase section */
		A0A87FD218F334BC00B01143 /* Frameworks */ = {
			isa = PBXFrameworksBuildPhase;
			buildActionMask = 2147483647;
			files = (
				A0A87FDB18F334BC00B01143 /* CoreGraphics.framework in Frameworks */,
				A0A87FDD18F334BC00B01143 /* UIKit.framework in Frameworks */,
				A0A87FDF18F334BC00B01143 /* SpriteKit.framework in Frameworks */,
				A0A87FD918F334BC00B01143 /* Foundation.framework in Frameworks */,
				A0A8808F18F33A3300B01143 /* Crashlytics.framework in Frameworks */,
				2D524A2A0D7F446F915CAEAB /* libPods.a in Frameworks */,
			);
			runOnlyForDeploymentPostprocessing = 0;
		};
/* End PBXFrameworksBuildPhase section */

/* Begin PBXGroup section */
		A0A87FCC18F334BC00B01143 = {
			isa = PBXGroup;
			children = (
				A0A87FE018F334BC00B01143 /* fly-butterfly */,
				A0A87FD718F334BC00B01143 /* Frameworks */,
				A0A87FD618F334BC00B01143 /* Products */,
				81848A9899E843F29916FF4A /* Pods.xcconfig */,
			);
			sourceTree = "<group>";
		};
		A0A87FD618F334BC00B01143 /* Products */ = {
			isa = PBXGroup;
			children = (
				A0A87FD518F334BC00B01143 /* fly-butterfly.app */,
			);
			name = Products;
			sourceTree = "<group>";
		};
		A0A87FD718F334BC00B01143 /* Frameworks */ = {
			isa = PBXGroup;
			children = (
				A0A8808E18F33A3300B01143 /* Crashlytics.framework */,
				A0A87FD818F334BC00B01143 /* Foundation.framework */,
				A0A87FDA18F334BC00B01143 /* CoreGraphics.framework */,
				A0A87FDC18F334BC00B01143 /* UIKit.framework */,
				A0A87FDE18F334BC00B01143 /* SpriteKit.framework */,
				A0A87FFE18F334BC00B01143 /* XCTest.framework */,
				A12870ECECE749159D501107 /* libPods.a */,
			);
			name = Frameworks;
			sourceTree = "<group>";
		};
		A0A87FE018F334BC00B01143 /* fly-butterfly */ = {
			isa = PBXGroup;
			children = (
				A0A8801C18F3376E00B01143 /* Classes */,
				A0A8805418F3376E00B01143 /* Resources */,
				A0A8801418F3364100B01143 /* Supporting Files */,
			);
			path = "fly-butterfly";
			sourceTree = "<group>";
		};
		A0A8801418F3364100B01143 /* Supporting Files */ = {
			isa = PBXGroup;
			children = (
				A0A8801518F3364100B01143 /* fly-butterfly-Info.plist */,
				A0A8801618F3364100B01143 /* fly-butterfly-Prefix.pch */,
				A0A8801718F3364100B01143 /* InfoPlist.strings */,
				A0A8801818F3364100B01143 /* main.m */,
			);
			path = "Supporting Files";
			sourceTree = "<group>";
		};
		A0A8801C18F3376E00B01143 /* Classes */ = {
			isa = PBXGroup;
			children = (
				A0A8801D18F3376E00B01143 /* AppDelegate */,
				A0A8802018F3376E00B01143 /* Categories */,
				A0A8802518F3376E00B01143 /* Game Kit */,
				A0A8802A18F3376E00B01143 /* Scenes */,
				A0A8803118F3376E00B01143 /* Sprites Nodes */,
				A0A8804418F3376E00B01143 /* Utilities */,
				A0A8804D18F3376E00B01143 /* View Controllers */,
			);
			path = Classes;
			sourceTree = "<group>";
		};
		A0A8801D18F3376E00B01143 /* AppDelegate */ = {
			isa = PBXGroup;
			children = (
				A0A8801E18F3376E00B01143 /* AppDelegate.h */,
				A0A8801F18F3376E00B01143 /* AppDelegate.m */,
			);
			path = AppDelegate;
			sourceTree = "<group>";
		};
		A0A8802018F3376E00B01143 /* Categories */ = {
			isa = PBXGroup;
			children = (
				A0A8802118F3376E00B01143 /* GVUserDefaults+Properties.h */,
				A0A8802218F3376E00B01143 /* GVUserDefaults+Properties.m */,
			);
			path = Categories;
			sourceTree = "<group>";
		};
		A0A8802518F3376E00B01143 /* Game Kit */ = {
			isa = PBXGroup;
			children = (
				A0A8802618F3376E00B01143 /* AchievementsHelper.h */,
				A0A8802718F3376E00B01143 /* AchievementsHelper.m */,
				A0A8802818F3376E00B01143 /* ButterflyMultiplayerNetworking.h */,
				A0A8802918F3376E00B01143 /* ButterflyMultiplayerNetworking.m */,
			);
			path = "Game Kit";
			sourceTree = "<group>";
		};
		A0A8802A18F3376E00B01143 /* Scenes */ = {
			isa = PBXGroup;
			children = (
				A0A8802B18F3376E00B01143 /* BaseScene.h */,
				A0A8802C18F3376E00B01143 /* BaseScene.m */,
				A0A8802D18F3376E00B01143 /* GameScene.h */,
				A0A8802E18F3376E00B01143 /* GameScene.m */,
				A0A8802F18F3376E00B01143 /* MultiplayerScene.h */,
				A0A8803018F3376E00B01143 /* MultiplayerScene.m */,
			);
			path = Scenes;
			sourceTree = "<group>";
		};
		A0A8803118F3376E00B01143 /* Sprites Nodes */ = {
			isa = PBXGroup;
			children = (
				A0A8803218F3376E00B01143 /* AnimatingSprite.h */,
				A0A8803318F3376E00B01143 /* AnimatingSprite.m */,
				A0A8803418F3376E00B01143 /* Butterfly.h */,
				A0A8803518F3376E00B01143 /* Butterfly.m */,
				A0A8803618F3376E00B01143 /* Crow.h */,
				A0A8803718F3376E00B01143 /* Crow.m */,
			);
			path = "Sprites Nodes";
			sourceTree = "<group>";
		};
		A0A8804418F3376E00B01143 /* Utilities */ = {
			isa = PBXGroup;
			children = (
				A0A8804518F3376E00B01143 /* Config.h */,
				A0A8804618F3376E00B01143 /* Config.m */,
				A0A8804718F3376E00B01143 /* Constants.h */,
				A0A8804818F3376E00B01143 /* Constants.m */,
				A0A8804B18F3376E00B01143 /* Utilities.h */,
				A0A8804C18F3376E00B01143 /* Utilities.m */,
			);
			path = Utilities;
			sourceTree = "<group>";
		};
		A0A8804D18F3376E00B01143 /* View Controllers */ = {
			isa = PBXGroup;
			children = (
				A0A8804E18F3376E00B01143 /* BaseViewController.h */,
				A0A8804F18F3376E00B01143 /* BaseViewController.m */,
				A0A8805018F3376E00B01143 /* GameViewController.h */,
				A0A8805118F3376E00B01143 /* GameViewController.m */,
				A0A8805218F3376E00B01143 /* MenuViewController.h */,
				A0A8805318F3376E00B01143 /* MenuViewController.m */,
			);
			path = "View Controllers";
			sourceTree = "<group>";
		};
		A0A8805418F3376E00B01143 /* Resources */ = {
			isa = PBXGroup;
			children = (
				A0A8805518F3376E00B01143 /* Art */,
				A0A8806318F3376E00B01143 /* Fonts */,
				A0A8806618F3376E00B01143 /* Storyboards */,
				A0A8806518F3376E00B01143 /* Images.xcassets */,
			);
			path = Resources;
			sourceTree = "<group>";
		};
		A0A8805518F3376E00B01143 /* Art */ = {
			isa = PBXGroup;
			children = (
				A0A8805918F3376E00B01143 /* particles */,
				A0A8805E18F3376E00B01143 /* sounds */,
				A0A8806218F3376E00B01143 /* sprites.atlas */,
			);
			path = Art;
			sourceTree = "<group>";
		};
		A0A8805918F3376E00B01143 /* particles */ = {
			isa = PBXGroup;
			children = (
				A0A8805A18F3376E00B01143 /* CrowSmash.sks */,
				A0A8805B18F3376E00B01143 /* Feather.png */,
				A0A8805C18F3376E00B01143 /* ButterflyTrail.sks */,
				A0A8805D18F3376E00B01143 /* Star.png */,
			);
			path = particles;
			sourceTree = "<group>";
		};
		A0A8805E18F3376E00B01143 /* sounds */ = {
			isa = PBXGroup;
			children = (
				A0A8805F18F3376E00B01143 /* button_press.wav */,
				A0A8806018F3376E00B01143 /* crow.m4a */,
				A0A8806118F3376E00B01143 /* flap.aif */,
			);
			path = sounds;
			sourceTree = "<group>";
		};
		A0A8806318F3376E00B01143 /* Fonts */ = {
			isa = PBXGroup;
			children = (
				A0BE8CBF18F368B300E71E47 /* PWPerspective.ttf */,
			);
			path = Fonts;
			sourceTree = "<group>";
		};
		A0A8806618F3376E00B01143 /* Storyboards */ = {
			isa = PBXGroup;
			children = (
				A0A8806718F3376E00B01143 /* Main.storyboard */,
			);
			path = Storyboards;
			sourceTree = "<group>";
		};
/* End PBXGroup section */

/* Begin PBXNativeTarget section */
		A0A87FD418F334BC00B01143 /* fly-butterfly */ = {
			isa = PBXNativeTarget;
			buildConfigurationList = A0A8800E18F334BC00B01143 /* Build configuration list for PBXNativeTarget "fly-butterfly" */;
			buildPhases = (
				8EE7F13BCE284C0FB1800A1F /* Check Pods Manifest.lock */,
				A0A87FD118F334BC00B01143 /* Sources */,
				A0A87FD218F334BC00B01143 /* Frameworks */,
				A0A87FD318F334BC00B01143 /* Resources */,
				2108599B84D348CD92FE36FC /* Copy Pods Resources */,
				A0A8808D18F33A0B00B01143 /* ShellScript */,
			);
			buildRules = (
			);
			dependencies = (
			);
			name = "fly-butterfly";
			productName = "fly-butterfly";
			productReference = A0A87FD518F334BC00B01143 /* fly-butterfly.app */;
			productType = "com.apple.product-type.application";
		};
/* End PBXNativeTarget section */

/* Begin PBXProject section */
		A0A87FCD18F334BC00B01143 /* Project object */ = {
			isa = PBXProject;
			attributes = {
				LastUpgradeCheck = 0510;
				ORGANIZATIONNAME = "Iguana Studios";
			};
			buildConfigurationList = A0A87FD018F334BC00B01143 /* Build configuration list for PBXProject "fly-butterfly" */;
			compatibilityVersion = "Xcode 3.2";
			developmentRegion = English;
			hasScannedForEncodings = 0;
			knownRegions = (
				en,
				Base,
			);
			mainGroup = A0A87FCC18F334BC00B01143;
			productRefGroup = A0A87FD618F334BC00B01143 /* Products */;
			projectDirPath = "";
			projectRoot = "";
			targets = (
				A0A87FD418F334BC00B01143 /* fly-butterfly */,
			);
		};
/* End PBXProject section */

/* Begin PBXResourcesBuildPhase section */
		A0A87FD318F334BC00B01143 /* Resources */ = {
			isa = PBXResourcesBuildPhase;
			buildActionMask = 2147483647;
			files = (
				A0A8801A18F3364100B01143 /* InfoPlist.strings in Resources */,
				A0BE8CC018F368B300E71E47 /* PWPerspective.ttf in Resources */,
				A0A8808718F3376E00B01143 /* crow.m4a in Resources */,
				A0A8808C18F3376E00B01143 /* Main.storyboard in Resources */,
				A0A8808218F3376E00B01143 /* CrowSmash.sks in Resources */,
				A0A8808518F3376E00B01143 /* Star.png in Resources */,
				A0A8808618F3376E00B01143 /* button_press.wav in Resources */,
				A0A8808B18F3376E00B01143 /* Images.xcassets in Resources */,
				A0A8808818F3376E00B01143 /* flap.aif in Resources */,
				A0A8808418F3376E00B01143 /* ButterflyTrail.sks in Resources */,
				A0A8808918F3376E00B01143 /* sprites.atlas in Resources */,
				A0A8808318F3376E00B01143 /* Feather.png in Resources */,
			);
			runOnlyForDeploymentPostprocessing = 0;
		};
/* End PBXResourcesBuildPhase section */

/* Begin PBXShellScriptBuildPhase section */
		2108599B84D348CD92FE36FC /* Copy Pods Resources */ = {
			isa = PBXShellScriptBuildPhase;
			buildActionMask = 2147483647;
			files = (
			);
			inputPaths = (
			);
			name = "Copy Pods Resources";
			outputPaths = (
			);
			runOnlyForDeploymentPostprocessing = 0;
			shellPath = /bin/sh;
			shellScript = "\"${SRCROOT}/Pods/Pods-resources.sh\"\n";
			showEnvVarsInLog = 0;
		};
		8EE7F13BCE284C0FB1800A1F /* Check Pods Manifest.lock */ = {
			isa = PBXShellScriptBuildPhase;
			buildActionMask = 2147483647;
			files = (
			);
			inputPaths = (
			);
			name = "Check Pods Manifest.lock";
			outputPaths = (
			);
			runOnlyForDeploymentPostprocessing = 0;
			shellPath = /bin/sh;
			shellScript = "diff \"${PODS_ROOT}/../Podfile.lock\" \"${PODS_ROOT}/Manifest.lock\" > /dev/null\nif [[ $? != 0 ]] ; then\n    cat << EOM\nerror: The sandbox is not in sync with the Podfile.lock. Run 'pod install' or update your CocoaPods installation.\nEOM\n    exit 1\nfi\n";
			showEnvVarsInLog = 0;
		};
		A0A8808D18F33A0B00B01143 /* ShellScript */ = {
			isa = PBXShellScriptBuildPhase;
			buildActionMask = 2147483647;
			files = (
			);
			inputPaths = (
			);
			outputPaths = (
			);
			runOnlyForDeploymentPostprocessing = 0;
			shellPath = /bin/sh;
			shellScript = "./Crashlytics.framework/run db7f2b5ac560a858c853e4eb1c203a987c06fd64 3780bdc040c0133bfc89547b5daee2148bf4f4d24cc9fa488b2a9c89c9d42ca7";
		};
/* End PBXShellScriptBuildPhase section */

/* Begin PBXSourcesBuildPhase section */
		A0A87FD118F334BC00B01143 /* Sources */ = {
			isa = PBXSourcesBuildPhase;
			buildActionMask = 2147483647;
			files = (
				A0A8806D18F3376E00B01143 /* BaseScene.m in Sources */,
				A0A8806F18F3376E00B01143 /* MultiplayerScene.m in Sources */,
				A0A8806818F3376E00B01143 /* AppDelegate.m in Sources */,
				A0A8801B18F3364100B01143 /* main.m in Sources */,
				A0A8807818F3376E00B01143 /* Config.m in Sources */,
				A0A8806B18F3376E00B01143 /* AchievementsHelper.m in Sources */,
				A0A8807118F3376E00B01143 /* Butterfly.m in Sources */,
				A0A8807B18F3376E00B01143 /* Utilities.m in Sources */,
				A0A8807C18F3376E00B01143 /* BaseViewController.m in Sources */,
				A0A8806C18F3376E00B01143 /* ButterflyMultiplayerNetworking.m in Sources */,
				A0A8807218F3376E00B01143 /* Crow.m in Sources */,
				A0A8806E18F3376E00B01143 /* GameScene.m in Sources */,
				A0A8807E18F3376E00B01143 /* MenuViewController.m in Sources */,
				A0A8806918F3376E00B01143 /* GVUserDefaults+Properties.m in Sources */,
				A0A8807D18F3376E00B01143 /* GameViewController.m in Sources */,
				A0A8807018F3376E00B01143 /* AnimatingSprite.m in Sources */,
				A0A8807918F3376E00B01143 /* Constants.m in Sources */,
			);
			runOnlyForDeploymentPostprocessing = 0;
		};
/* End PBXSourcesBuildPhase section */

/* Begin XCBuildConfiguration section */
		A0A8800C18F334BC00B01143 /* Debug */ = {
			isa = XCBuildConfiguration;
			buildSettings = {
				ALWAYS_SEARCH_USER_PATHS = NO;
				CLANG_CXX_LANGUAGE_STANDARD = "gnu++0x";
				CLANG_CXX_LIBRARY = "libc++";
				CLANG_ENABLE_MODULES = YES;
				CLANG_ENABLE_OBJC_ARC = YES;
				CLANG_WARN_BOOL_CONVERSION = YES;
				CLANG_WARN_CONSTANT_CONVERSION = YES;
				CLANG_WARN_DIRECT_OBJC_ISA_USAGE = YES_ERROR;
				CLANG_WARN_EMPTY_BODY = YES;
				CLANG_WARN_ENUM_CONVERSION = YES;
				CLANG_WARN_INT_CONVERSION = YES;
				CLANG_WARN_OBJC_ROOT_CLASS = YES_ERROR;
				CLANG_WARN__DUPLICATE_METHOD_MATCH = YES;
				"CODE_SIGN_IDENTITY[sdk=iphoneos*]" = "iPhone Developer";
				COPY_PHASE_STRIP = NO;
				GCC_C_LANGUAGE_STANDARD = gnu99;
				GCC_DYNAMIC_NO_PIC = NO;
				GCC_OPTIMIZATION_LEVEL = 0;
				GCC_PREPROCESSOR_DEFINITIONS = (
					"DEBUG=1",
					"$(inherited)",
				);
				GCC_SYMBOLS_PRIVATE_EXTERN = NO;
				GCC_WARN_64_TO_32_BIT_CONVERSION = YES;
				GCC_WARN_ABOUT_RETURN_TYPE = YES_ERROR;
				GCC_WARN_UNDECLARED_SELECTOR = YES;
				GCC_WARN_UNINITIALIZED_AUTOS = YES_AGGRESSIVE;
				GCC_WARN_UNUSED_FUNCTION = YES;
				GCC_WARN_UNUSED_VARIABLE = YES;
				IPHONEOS_DEPLOYMENT_TARGET = 7.1;
				ONLY_ACTIVE_ARCH = YES;
				SDKROOT = iphoneos;
			};
			name = Debug;
		};
		A0A8800D18F334BC00B01143 /* Release */ = {
			isa = XCBuildConfiguration;
			buildSettings = {
				ALWAYS_SEARCH_USER_PATHS = NO;
				CLANG_CXX_LANGUAGE_STANDARD = "gnu++0x";
				CLANG_CXX_LIBRARY = "libc++";
				CLANG_ENABLE_MODULES = YES;
				CLANG_ENABLE_OBJC_ARC = YES;
				CLANG_WARN_BOOL_CONVERSION = YES;
				CLANG_WARN_CONSTANT_CONVERSION = YES;
				CLANG_WARN_DIRECT_OBJC_ISA_USAGE = YES_ERROR;
				CLANG_WARN_EMPTY_BODY = YES;
				CLANG_WARN_ENUM_CONVERSION = YES;
				CLANG_WARN_INT_CONVERSION = YES;
				CLANG_WARN_OBJC_ROOT_CLASS = YES_ERROR;
				CLANG_WARN__DUPLICATE_METHOD_MATCH = YES;
				"CODE_SIGN_IDENTITY[sdk=iphoneos*]" = "iPhone Developer";
				COPY_PHASE_STRIP = YES;
				ENABLE_NS_ASSERTIONS = NO;
				GCC_C_LANGUAGE_STANDARD = gnu99;
				GCC_WARN_64_TO_32_BIT_CONVERSION = YES;
				GCC_WARN_ABOUT_RETURN_TYPE = YES_ERROR;
				GCC_WARN_UNDECLARED_SELECTOR = YES;
				GCC_WARN_UNINITIALIZED_AUTOS = YES_AGGRESSIVE;
				GCC_WARN_UNUSED_FUNCTION = YES;
				GCC_WARN_UNUSED_VARIABLE = YES;
				IPHONEOS_DEPLOYMENT_TARGET = 7.1;
				SDKROOT = iphoneos;
				VALIDATE_PRODUCT = YES;
			};
			name = Release;
		};
		A0A8800F18F334BC00B01143 /* Debug */ = {
			isa = XCBuildConfiguration;
			baseConfigurationReference = 81848A9899E843F29916FF4A /* Pods.xcconfig */;
			buildSettings = {
				ASSETCATALOG_COMPILER_APPICON_NAME = AppIcon;
				ASSETCATALOG_COMPILER_LAUNCHIMAGE_NAME = LaunchImage;
				CODE_SIGN_IDENTITY = "iPhone Developer: Luis Flores (A2J2VQW7M6)";
				FRAMEWORK_SEARCH_PATHS = (
					"$(inherited)",
					"$(PROJECT_DIR)",
				);
				GCC_PRECOMPILE_PREFIX_HEADER = YES;
				GCC_PREFIX_HEADER = "fly-butterfly/Supporting Files/fly-butterfly-Prefix.pch";
				INFOPLIST_FILE = "$(SRCROOT)/fly-butterfly/Supporting Files/fly-butterfly-Info.plist";
				PRODUCT_NAME = "$(TARGET_NAME)";
				SPRITEKIT_TEXTURE_ATLAS_OUTPUT = YES;
				WRAPPER_EXTENSION = app;
			};
			name = Debug;
		};
		A0A8801018F334BC00B01143 /* Release */ = {
			isa = XCBuildConfiguration;
			baseConfigurationReference = 81848A9899E843F29916FF4A /* Pods.xcconfig */;
			buildSettings = {
				ASSETCATALOG_COMPILER_APPICON_NAME = AppIcon;
				ASSETCATALOG_COMPILER_LAUNCHIMAGE_NAME = LaunchImage;
				CODE_SIGN_IDENTITY = "iPhone Developer: Luis Flores (A2J2VQW7M6)";
				FRAMEWORK_SEARCH_PATHS = (
					"$(inherited)",
					"$(PROJECT_DIR)",
				);
				GCC_PRECOMPILE_PREFIX_HEADER = YES;
				GCC_PREFIX_HEADER = "fly-butterfly/Supporting Files/fly-butterfly-Prefix.pch";
				INFOPLIST_FILE = "$(SRCROOT)/fly-butterfly/Supporting Files/fly-butterfly-Info.plist";
				PRODUCT_NAME = "$(TARGET_NAME)";
				SPRITEKIT_TEXTURE_ATLAS_OUTPUT = YES;
				WRAPPER_EXTENSION = app;
			};
			name = Release;
		};
/* End XCBuildConfiguration section */

/* Begin XCConfigurationList section */
		A0A87FD018F334BC00B01143 /* Build configuration list for PBXProject "fly-butterfly" */ = {
			isa = XCConfigurationList;
			buildConfigurations = (
				A0A8800C18F334BC00B01143 /* Debug */,
				A0A8800D18F334BC00B01143 /* Release */,
			);
			defaultConfigurationIsVisible = 0;
			defaultConfigurationName = Release;
		};
		A0A8800E18F334BC00B01143 /* Build configuration list for PBXNativeTarget "fly-butterfly" */ = {
			isa = XCConfigurationList;
			buildConfigurations = (
				A0A8800F18F334BC00B01143 /* Debug */,
				A0A8801018F334BC00B01143 /* Release */,
			);
			defaultConfigurationIsVisible = 0;
			defaultConfigurationName = Release;
		};
/* End XCConfigurationList section */
	};
	rootObject = A0A87FCD18F334BC00B01143 /* Project object */;
}
